
Microsoft Visual Studio Solution File, Format Version 12.00
# Visual Studio Version 17
VisualStudioVersion = 17.14.36518.9 d17.14
MinimumVisualStudioVersion = 10.0.40219.1
Project("{FAE04EC0-301F-11D3-BF4B-00C04F79EFBC}") = "Attendence Management System", "Attendence Management System\Attendence Management System.csproj", "{989DD1AB-4B85-45E0-864A-83F5E002662E}"
EndProject
Global
	GlobalSection(SolutionConfigurationPlatforms) = preSolution
		Debug|Any CPU = Debug|Any CPU
		Release|Any CPU = Release|Any CPU
	EndGlobalSection
	GlobalSection(ProjectConfigurationPlatforms) = postSolution
		{989DD1AB-4B85-45E0-864A-83F5E002662E}.Debug|Any CPU.ActiveCfg = Debug|Any CPU
		{989DD1AB-4B85-45E0-864A-83F5E002662E}.Debug|Any CPU.Build.0 = Debug|Any CPU
		{989DD1AB-4B85-45E0-864A-83F5E002662E}.Release|Any CPU.ActiveCfg = Release|Any CPU
		{989DD1AB-4B85-45E0-864A-83F5E002662E}.Release|Any CPU.Build.0 = Release|Any CPU
	EndGlobalSection
	GlobalSection(SolutionProperties) = preSolution
		HideSolutionNode = FALSE
	EndGlobalSection
	GlobalSection(ExtensibilityGlobals) = postSolution
		SolutionGuid = {4B5953E0-63B2-43CD-8EFC-E801BB57C2DA}
	EndGlobalSection
EndGlobal
